// !$*UTF8*$!
{
	archiveVersion = 1;
	classes = {
	};
	objectVersion = 55;
	objects = {

/* Begin PBXBuildFile section */
		2B540899289D92900096E0FC /* QuoteCell.swift in Sources */ = {isa = PBXBuildFile; fileRef = 2B540897289D92900096E0FC /* QuoteCell.swift */; };
		2B54089A289D92900096E0FC /* QuoteCell.xib in Resources */ = {isa = PBXBuildFile; fileRef = 2B540898289D92900096E0FC /* QuoteCell.xib */; };
		2B815D172895826100AF6FB6 /* Extensions.swift in Sources */ = {isa = PBXBuildFile; fileRef = 2B815D162895826100AF6FB6 /* Extensions.swift */; };
		2B815D192895878900AF6FB6 /* Alegreya-Regular.ttf in Resources */ = {isa = PBXBuildFile; fileRef = 2B815D182895878900AF6FB6 /* Alegreya-Regular.ttf */; };
		2B815D1B2895884300AF6FB6 /* Alegreya-Bold.ttf in Resources */ = {isa = PBXBuildFile; fileRef = 2B815D1A2895884300AF6FB6 /* Alegreya-Bold.ttf */; };
		2B815D1D2895888400AF6FB6 /* Montserrat-Regular.ttf in Resources */ = {isa = PBXBuildFile; fileRef = 2B815D1C2895888400AF6FB6 /* Montserrat-Regular.ttf */; };
		2BB0989F28956F70008707A5 /* AppDelegate.swift in Sources */ = {isa = PBXBuildFile; fileRef = 2BB0989E28956F70008707A5 /* AppDelegate.swift */; };
		2BB098A128956F70008707A5 /* SceneDelegate.swift in Sources */ = {isa = PBXBuildFile; fileRef = 2BB098A028956F70008707A5 /* SceneDelegate.swift */; };
		2BB098A328956F70008707A5 /* LoginViewController.swift in Sources */ = {isa = PBXBuildFile; fileRef = 2BB098A228956F70008707A5 /* LoginViewController.swift */; };
		2BB098A628956F70008707A5 /* Main.storyboard in Resources */ = {isa = PBXBuildFile; fileRef = 2BB098A428956F70008707A5 /* Main.storyboard */; };
		2BB098A828956F72008707A5 /* Assets.xcassets in Resources */ = {isa = PBXBuildFile; fileRef = 2BB098A728956F72008707A5 /* Assets.xcassets */; };
		2BB098AB28956F72008707A5 /* LaunchScreen.storyboard in Resources */ = {isa = PBXBuildFile; fileRef = 2BB098A928956F72008707A5 /* LaunchScreen.storyboard */; };
		2BB098B428956F9F008707A5 /* RegistrationViewController.swift in Sources */ = {isa = PBXBuildFile; fileRef = 2BB098B328956F9F008707A5 /* RegistrationViewController.swift */; };
		2BB098B628956FAC008707A5 /* HomeScreenViewController.swift in Sources */ = {isa = PBXBuildFile; fileRef = 2BB098B528956FAC008707A5 /* HomeScreenViewController.swift */; };
		2BB098B828956FB2008707A5 /* ProfileViewController.swift in Sources */ = {isa = PBXBuildFile; fileRef = 2BB098B728956FB2008707A5 /* ProfileViewController.swift */; };
		2BB098BC28957136008707A5 /* Utilities.swift in Sources */ = {isa = PBXBuildFile; fileRef = 2BB098BB28957136008707A5 /* Utilities.swift */; };
		2BB098BE289571B7008707A5 /* Constants.swift in Sources */ = {isa = PBXBuildFile; fileRef = 2BB098BD289571B7008707A5 /* Constants.swift */; };
		2BB74378289F15C3006FD01C /* ProfileViewController + CollectionView.swift in Sources */ = {isa = PBXBuildFile; fileRef = 2BB74377289F15C3006FD01C /* ProfileViewController + CollectionView.swift */; };
		2BB7437C289F19E0006FD01C /* BottomSheetViewController.swift in Sources */ = {isa = PBXBuildFile; fileRef = 2BB7437A289F19E0006FD01C /* BottomSheetViewController.swift */; };
		2BD6E5B2289DB2290039661C /* LikeButton.swift in Sources */ = {isa = PBXBuildFile; fileRef = 2BD6E5B1289DB2280039661C /* LikeButton.swift */; };
		2BE992B82896D565001E9199 /* GoogleService-Info.plist in Resources */ = {isa = PBXBuildFile; fileRef = 2BE992B72896D565001E9199 /* GoogleService-Info.plist */; };
		2BE992BB2896D71E001E9199 /* FirebaseAnalytics in Frameworks */ = {isa = PBXBuildFile; productRef = 2BE992BA2896D71E001E9199 /* FirebaseAnalytics */; };
		2BE992BD2896D71E001E9199 /* FirebaseAuth in Frameworks */ = {isa = PBXBuildFile; productRef = 2BE992BC2896D71E001E9199 /* FirebaseAuth */; };
		2BE992BF2896D71E001E9199 /* FirebaseFirestore in Frameworks */ = {isa = PBXBuildFile; productRef = 2BE992BE2896D71E001E9199 /* FirebaseFirestore */; };
		2BE992C12896D71E001E9199 /* FirebaseStorage in Frameworks */ = {isa = PBXBuildFile; productRef = 2BE992C02896D71E001E9199 /* FirebaseStorage */; };
		2BF5CC802899E613007D223F /* TabBarController.swift in Sources */ = {isa = PBXBuildFile; fileRef = 2BF5CC7F2899E613007D223F /* TabBarController.swift */; };
/* End PBXBuildFile section */

/* Begin PBXFileReference section */
		2B540897289D92900096E0FC /* QuoteCell.swift */ = {isa = PBXFileReference; lastKnownFileType = sourcecode.swift; path = QuoteCell.swift; sourceTree = "<group>"; };
		2B540898289D92900096E0FC /* QuoteCell.xib */ = {isa = PBXFileReference; lastKnownFileType = file.xib; path = QuoteCell.xib; sourceTree = "<group>"; };
		2B815D162895826100AF6FB6 /* Extensions.swift */ = {isa = PBXFileReference; lastKnownFileType = sourcecode.swift; path = Extensions.swift; sourceTree = "<group>"; };
		2B815D182895878900AF6FB6 /* Alegreya-Regular.ttf */ = {isa = PBXFileReference; lastKnownFileType = file; path = "Alegreya-Regular.ttf"; sourceTree = "<group>"; };
		2B815D1A2895884300AF6FB6 /* Alegreya-Bold.ttf */ = {isa = PBXFileReference; lastKnownFileType = file; path = "Alegreya-Bold.ttf"; sourceTree = "<group>"; };
		2B815D1C2895888400AF6FB6 /* Montserrat-Regular.ttf */ = {isa = PBXFileReference; lastKnownFileType = file; path = "Montserrat-Regular.ttf"; sourceTree = "<group>"; };
		2BB0989B28956F70008707A5 /* MentalHealthApp.app */ = {isa = PBXFileReference; explicitFileType = wrapper.application; includeInIndex = 0; path = MentalHealthApp.app; sourceTree = BUILT_PRODUCTS_DIR; };
		2BB0989E28956F70008707A5 /* AppDelegate.swift */ = {isa = PBXFileReference; lastKnownFileType = sourcecode.swift; path = AppDelegate.swift; sourceTree = "<group>"; };
		2BB098A028956F70008707A5 /* SceneDelegate.swift */ = {isa = PBXFileReference; lastKnownFileType = sourcecode.swift; path = SceneDelegate.swift; sourceTree = "<group>"; };
		2BB098A228956F70008707A5 /* LoginViewController.swift */ = {isa = PBXFileReference; lastKnownFileType = sourcecode.swift; path = LoginViewController.swift; sourceTree = "<group>"; };
		2BB098A528956F70008707A5 /* Base */ = {isa = PBXFileReference; lastKnownFileType = file.storyboard; name = Base; path = Base.lproj/Main.storyboard; sourceTree = "<group>"; };
		2BB098A728956F72008707A5 /* Assets.xcassets */ = {isa = PBXFileReference; lastKnownFileType = folder.assetcatalog; path = Assets.xcassets; sourceTree = "<group>"; };
		2BB098AA28956F72008707A5 /* Base */ = {isa = PBXFileReference; lastKnownFileType = file.storyboard; name = Base; path = Base.lproj/LaunchScreen.storyboard; sourceTree = "<group>"; };
		2BB098AC28956F72008707A5 /* Info.plist */ = {isa = PBXFileReference; lastKnownFileType = text.plist.xml; path = Info.plist; sourceTree = "<group>"; };
		2BB098B328956F9F008707A5 /* RegistrationViewController.swift */ = {isa = PBXFileReference; lastKnownFileType = sourcecode.swift; path = RegistrationViewController.swift; sourceTree = "<group>"; };
		2BB098B528956FAC008707A5 /* HomeScreenViewController.swift */ = {isa = PBXFileReference; lastKnownFileType = sourcecode.swift; path = HomeScreenViewController.swift; sourceTree = "<group>"; };
		2BB098B728956FB2008707A5 /* ProfileViewController.swift */ = {isa = PBXFileReference; lastKnownFileType = sourcecode.swift; path = ProfileViewController.swift; sourceTree = "<group>"; };
		2BB098BB28957136008707A5 /* Utilities.swift */ = {isa = PBXFileReference; lastKnownFileType = sourcecode.swift; path = Utilities.swift; sourceTree = "<group>"; };
		2BB098BD289571B7008707A5 /* Constants.swift */ = {isa = PBXFileReference; lastKnownFileType = sourcecode.swift; path = Constants.swift; sourceTree = "<group>"; };
		2BB74377289F15C3006FD01C /* ProfileViewController + CollectionView.swift */ = {isa = PBXFileReference; lastKnownFileType = sourcecode.swift; path = "ProfileViewController + CollectionView.swift"; sourceTree = "<group>"; };
		2BB7437A289F19E0006FD01C /* BottomSheetViewController.swift */ = {isa = PBXFileReference; lastKnownFileType = sourcecode.swift; path = BottomSheetViewController.swift; sourceTree = "<group>"; };
		2BD6E5B1289DB2280039661C /* LikeButton.swift */ = {isa = PBXFileReference; lastKnownFileType = sourcecode.swift; path = LikeButton.swift; sourceTree = "<group>"; };
		2BE992B72896D565001E9199 /* GoogleService-Info.plist */ = {isa = PBXFileReference; fileEncoding = 4; lastKnownFileType = text.plist.xml; path = "GoogleService-Info.plist"; sourceTree = "<group>"; };
		2BF5CC7F2899E613007D223F /* TabBarController.swift */ = {isa = PBXFileReference; lastKnownFileType = sourcecode.swift; path = TabBarController.swift; sourceTree = "<group>"; };
/* End PBXFileReference section */

/* Begin PBXFrameworksBuildPhase section */
		2BB0989828956F70008707A5 /* Frameworks */ = {
			isa = PBXFrameworksBuildPhase;
			buildActionMask = 2147483647;
			files = (
				2BE992BB2896D71E001E9199 /* FirebaseAnalytics in Frameworks */,
				2BE992C12896D71E001E9199 /* FirebaseStorage in Frameworks */,
				2BE992BD2896D71E001E9199 /* FirebaseAuth in Frameworks */,
				2BE992BF2896D71E001E9199 /* FirebaseFirestore in Frameworks */,
			);
			runOnlyForDeploymentPostprocessing = 0;
		};
/* End PBXFrameworksBuildPhase section */

/* Begin PBXGroup section */
		2B540896289D92680096E0FC /* QuoteCell */ = {
			isa = PBXGroup;
			children = (
				2B540897289D92900096E0FC /* QuoteCell.swift */,
				2B540898289D92900096E0FC /* QuoteCell.xib */,
			);
			path = QuoteCell;
			sourceTree = "<group>";
		};
		2B815D0C28957A4A00AF6FB6 /* Fonts */ = {
			isa = PBXGroup;
			children = (
				2B815D182895878900AF6FB6 /* Alegreya-Regular.ttf */,
				2B815D1A2895884300AF6FB6 /* Alegreya-Bold.ttf */,
				2B815D1C2895888400AF6FB6 /* Montserrat-Regular.ttf */,
			);
			path = Fonts;
			sourceTree = "<group>";
		};
		2B815D152895824A00AF6FB6 /* Extensions */ = {
			isa = PBXGroup;
			children = (
				2B815D162895826100AF6FB6 /* Extensions.swift */,
			);
			path = Extensions;
			sourceTree = "<group>";
		};
		2BB0989228956F70008707A5 = {
			isa = PBXGroup;
			children = (
				2BB0989D28956F70008707A5 /* MentalHealthApp */,
				2BB0989C28956F70008707A5 /* Products */,
			);
			sourceTree = "<group>";
		};
		2BB0989C28956F70008707A5 /* Products */ = {
			isa = PBXGroup;
			children = (
				2BB0989B28956F70008707A5 /* MentalHealthApp.app */,
			);
			name = Products;
			sourceTree = "<group>";
		};
		2BB0989D28956F70008707A5 /* MentalHealthApp */ = {
			isa = PBXGroup;
			children = (
				2BB0989E28956F70008707A5 /* AppDelegate.swift */,
				2BB098A028956F70008707A5 /* SceneDelegate.swift */,
				2BB098BA28957126008707A5 /* Helpers */,
				2BB098B228956F7E008707A5 /* Controllers */,
				2B540896289D92680096E0FC /* QuoteCell */,
				2B815D152895824A00AF6FB6 /* Extensions */,
				2B815D0C28957A4A00AF6FB6 /* Fonts */,
				2BB098A428956F70008707A5 /* Main.storyboard */,
				2BB098A728956F72008707A5 /* Assets.xcassets */,
				2BB098A928956F72008707A5 /* LaunchScreen.storyboard */,
				2BE992B72896D565001E9199 /* GoogleService-Info.plist */,
				2BB098AC28956F72008707A5 /* Info.plist */,
			);
			path = MentalHealthApp;
			sourceTree = "<group>";
		};
		2BB098B228956F7E008707A5 /* Controllers */ = {
			isa = PBXGroup;
			children = (
				2BB098A228956F70008707A5 /* LoginViewController.swift */,
				2BB098B328956F9F008707A5 /* RegistrationViewController.swift */,
				2BB098B528956FAC008707A5 /* HomeScreenViewController.swift */,
				2BB098B728956FB2008707A5 /* ProfileViewController.swift */,
				2BB74377289F15C3006FD01C /* ProfileViewController + CollectionView.swift */,
				2BF5CC7F2899E613007D223F /* TabBarController.swift */,
				2BB7437A289F19E0006FD01C /* BottomSheetViewController.swift */,
			);
			path = Controllers;
			sourceTree = "<group>";
		};
		2BB098BA28957126008707A5 /* Helpers */ = {
			isa = PBXGroup;
			children = (
				2BB098BB28957136008707A5 /* Utilities.swift */,
				2BB098BD289571B7008707A5 /* Constants.swift */,
				2BD6E5B1289DB2280039661C /* LikeButton.swift */,
			);
			path = Helpers;
			sourceTree = "<group>";
		};
/* End PBXGroup section */

/* Begin PBXNativeTarget section */
		2BB0989A28956F70008707A5 /* MentalHealthApp */ = {
			isa = PBXNativeTarget;
			buildConfigurationList = 2BB098AF28956F72008707A5 /* Build configuration list for PBXNativeTarget "MentalHealthApp" */;
			buildPhases = (
				2BB0989728956F70008707A5 /* Sources */,
				2BB0989828956F70008707A5 /* Frameworks */,
				2BB0989928956F70008707A5 /* Resources */,
			);
			buildRules = (
			);
			dependencies = (
			);
			name = MentalHealthApp;
			packageProductDependencies = (
				2BE992BA2896D71E001E9199 /* FirebaseAnalytics */,
				2BE992BC2896D71E001E9199 /* FirebaseAuth */,
				2BE992BE2896D71E001E9199 /* FirebaseFirestore */,
				2BE992C02896D71E001E9199 /* FirebaseStorage */,
			);
			productName = MentalHealthApp;
			productReference = 2BB0989B28956F70008707A5 /* MentalHealthApp.app */;
			productType = "com.apple.product-type.application";
		};
/* End PBXNativeTarget section */

/* Begin PBXProject section */
		2BB0989328956F70008707A5 /* Project object */ = {
			isa = PBXProject;
			attributes = {
				BuildIndependentTargetsInParallel = 1;
				LastSwiftUpdateCheck = 1340;
				LastUpgradeCheck = 1340;
				TargetAttributes = {
					2BB0989A28956F70008707A5 = {
						CreatedOnToolsVersion = 13.4.1;
					};
				};
			};
			buildConfigurationList = 2BB0989628956F70008707A5 /* Build configuration list for PBXProject "MentalHealthApp" */;
			compatibilityVersion = "Xcode 13.0";
			developmentRegion = en;
			hasScannedForEncodings = 0;
			knownRegions = (
				en,
				Base,
			);
			mainGroup = 2BB0989228956F70008707A5;
			packageReferences = (
				2BE992B92896D71E001E9199 /* XCRemoteSwiftPackageReference "firebase-ios-sdk" */,
			);
			productRefGroup = 2BB0989C28956F70008707A5 /* Products */;
			projectDirPath = "";
			projectRoot = "";
			targets = (
				2BB0989A28956F70008707A5 /* MentalHealthApp */,
			);
		};
/* End PBXProject section */

/* Begin PBXResourcesBuildPhase section */
		2BB0989928956F70008707A5 /* Resources */ = {
			isa = PBXResourcesBuildPhase;
			buildActionMask = 2147483647;
			files = (
				2B815D1B2895884300AF6FB6 /* Alegreya-Bold.ttf in Resources */,
				2BB098AB28956F72008707A5 /* LaunchScreen.storyboard in Resources */,
				2BB098A828956F72008707A5 /* Assets.xcassets in Resources */,
				2BB098A628956F70008707A5 /* Main.storyboard in Resources */,
				2B54089A289D92900096E0FC /* QuoteCell.xib in Resources */,
				2B815D192895878900AF6FB6 /* Alegreya-Regular.ttf in Resources */,
				2B815D1D2895888400AF6FB6 /* Montserrat-Regular.ttf in Resources */,
				2BE992B82896D565001E9199 /* GoogleService-Info.plist in Resources */,
			);
			runOnlyForDeploymentPostprocessing = 0;
		};
/* End PBXResourcesBuildPhase section */

/* Begin PBXSourcesBuildPhase section */
		2BB0989728956F70008707A5 /* Sources */ = {
			isa = PBXSourcesBuildPhase;
			buildActionMask = 2147483647;
			files = (
				2BB098B828956FB2008707A5 /* ProfileViewController.swift in Sources */,
				2BB7437C289F19E0006FD01C /* BottomSheetViewController.swift in Sources */,
				2B815D172895826100AF6FB6 /* Extensions.swift in Sources */,
				2BB098B628956FAC008707A5 /* HomeScreenViewController.swift in Sources */,
				2BF5CC802899E613007D223F /* TabBarController.swift in Sources */,
				2BD6E5B2289DB2290039661C /* LikeButton.swift in Sources */,
				2B540899289D92900096E0FC /* QuoteCell.swift in Sources */,
				2BB74378289F15C3006FD01C /* ProfileViewController + CollectionView.swift in Sources */,
				2BB098BC28957136008707A5 /* Utilities.swift in Sources */,
				2BB098A328956F70008707A5 /* LoginViewController.swift in Sources */,
				2BB0989F28956F70008707A5 /* AppDelegate.swift in Sources */,
				2BB098B428956F9F008707A5 /* RegistrationViewController.swift in Sources */,
				2BB098A128956F70008707A5 /* SceneDelegate.swift in Sources */,
				2BB098BE289571B7008707A5 /* Constants.swift in Sources */,
			);
			runOnlyForDeploymentPostprocessing = 0;
		};
/* End PBXSourcesBuildPhase section */

/* Begin PBXVariantGroup section */
		2BB098A428956F70008707A5 /* Main.storyboard */ = {
			isa = PBXVariantGroup;
			children = (
				2BB098A528956F70008707A5 /* Base */,
			);
			name = Main.storyboard;
			sourceTree = "<group>";
		};
		2BB098A928956F72008707A5 /* LaunchScreen.storyboard */ = {
			isa = PBXVariantGroup;
			children = (
				2BB098AA28956F72008707A5 /* Base */,
			);
			name = LaunchScreen.storyboard;
			sourceTree = "<group>";
		};
/* End PBXVariantGroup section */

/* Begin XCBuildConfiguration section */
		2BB098AD28956F72008707A5 /* Debug */ = {
			isa = XCBuildConfiguration;
			buildSettings = {
				ALWAYS_SEARCH_USER_PATHS = NO;
				CLANG_ANALYZER_NONNULL = YES;
				CLANG_ANALYZER_NUMBER_OBJECT_CONVERSION = YES_AGGRESSIVE;
				CLANG_CXX_LANGUAGE_STANDARD = "gnu++17";
				CLANG_ENABLE_MODULES = YES;
				CLANG_ENABLE_OBJC_ARC = YES;
				CLANG_ENABLE_OBJC_WEAK = YES;
				CLANG_WARN_BLOCK_CAPTURE_AUTORELEASING = YES;
				CLANG_WARN_BOOL_CONVERSION = YES;
				CLANG_WARN_COMMA = YES;
				CLANG_WARN_CONSTANT_CONVERSION = YES;
				CLANG_WARN_DEPRECATED_OBJC_IMPLEMENTATIONS = YES;
				CLANG_WARN_DIRECT_OBJC_ISA_USAGE = YES_ERROR;
				CLANG_WARN_DOCUMENTATION_COMMENTS = YES;
				CLANG_WARN_EMPTY_BODY = YES;
				CLANG_WARN_ENUM_CONVERSION = YES;
				CLANG_WARN_INFINITE_RECURSION = YES;
				CLANG_WARN_INT_CONVERSION = YES;
				CLANG_WARN_NON_LITERAL_NULL_CONVERSION = YES;
				CLANG_WARN_OBJC_IMPLICIT_RETAIN_SELF = YES;
				CLANG_WARN_OBJC_LITERAL_CONVERSION = YES;
				CLANG_WARN_OBJC_ROOT_CLASS = YES_ERROR;
				CLANG_WARN_QUOTED_INCLUDE_IN_FRAMEWORK_HEADER = YES;
				CLANG_WARN_RANGE_LOOP_ANALYSIS = YES;
				CLANG_WARN_STRICT_PROTOTYPES = YES;
				CLANG_WARN_SUSPICIOUS_MOVE = YES;
				CLANG_WARN_UNGUARDED_AVAILABILITY = YES_AGGRESSIVE;
				CLANG_WARN_UNREACHABLE_CODE = YES;
				CLANG_WARN__DUPLICATE_METHOD_MATCH = YES;
				COPY_PHASE_STRIP = NO;
				DEBUG_INFORMATION_FORMAT = dwarf;
				ENABLE_STRICT_OBJC_MSGSEND = YES;
				ENABLE_TESTABILITY = YES;
				GCC_C_LANGUAGE_STANDARD = gnu11;
				GCC_DYNAMIC_NO_PIC = NO;
				GCC_NO_COMMON_BLOCKS = YES;
				GCC_OPTIMIZATION_LEVEL = 0;
				GCC_PREPROCESSOR_DEFINITIONS = (
					"DEBUG=1",
					"$(inherited)",
				);
				GCC_WARN_64_TO_32_BIT_CONVERSION = YES;
				GCC_WARN_ABOUT_RETURN_TYPE = YES_ERROR;
				GCC_WARN_UNDECLARED_SELECTOR = YES;
				GCC_WARN_UNINITIALIZED_AUTOS = YES_AGGRESSIVE;
				GCC_WARN_UNUSED_FUNCTION = YES;
				GCC_WARN_UNUSED_VARIABLE = YES;
				IPHONEOS_DEPLOYMENT_TARGET = 15.5;
				MTL_ENABLE_DEBUG_INFO = INCLUDE_SOURCE;
				MTL_FAST_MATH = YES;
				ONLY_ACTIVE_ARCH = YES;
				SDKROOT = iphoneos;
				SWIFT_ACTIVE_COMPILATION_CONDITIONS = DEBUG;
				SWIFT_OPTIMIZATION_LEVEL = "-Onone";
			};
			name = Debug;
		};
		2BB098AE28956F72008707A5 /* Release */ = {
			isa = XCBuildConfiguration;
			buildSettings = {
				ALWAYS_SEARCH_USER_PATHS = NO;
				CLANG_ANALYZER_NONNULL = YES;
				CLANG_ANALYZER_NUMBER_OBJECT_CONVERSION = YES_AGGRESSIVE;
				CLANG_CXX_LANGUAGE_STANDARD = "gnu++17";
				CLANG_ENABLE_MODULES = YES;
				CLANG_ENABLE_OBJC_ARC = YES;
				CLANG_ENABLE_OBJC_WEAK = YES;
				CLANG_WARN_BLOCK_CAPTURE_AUTORELEASING = YES;
				CLANG_WARN_BOOL_CONVERSION = YES;
				CLANG_WARN_COMMA = YES;
				CLANG_WARN_CONSTANT_CONVERSION = YES;
				CLANG_WARN_DEPRECATED_OBJC_IMPLEMENTATIONS = YES;
				CLANG_WARN_DIRECT_OBJC_ISA_USAGE = YES_ERROR;
				CLANG_WARN_DOCUMENTATION_COMMENTS = YES;
				CLANG_WARN_EMPTY_BODY = YES;
				CLANG_WARN_ENUM_CONVERSION = YES;
				CLANG_WARN_INFINITE_RECURSION = YES;
				CLANG_WARN_INT_CONVERSION = YES;
				CLANG_WARN_NON_LITERAL_NULL_CONVERSION = YES;
				CLANG_WARN_OBJC_IMPLICIT_RETAIN_SELF = YES;
				CLANG_WARN_OBJC_LITERAL_CONVERSION = YES;
				CLANG_WARN_OBJC_ROOT_CLASS = YES_ERROR;
				CLANG_WARN_QUOTED_INCLUDE_IN_FRAMEWORK_HEADER = YES;
				CLANG_WARN_RANGE_LOOP_ANALYSIS = YES;
				CLANG_WARN_STRICT_PROTOTYPES = YES;
				CLANG_WARN_SUSPICIOUS_MOVE = YES;
				CLANG_WARN_UNGUARDED_AVAILABILITY = YES_AGGRESSIVE;
				CLANG_WARN_UNREACHABLE_CODE = YES;
				CLANG_WARN__DUPLICATE_METHOD_MATCH = YES;
				COPY_PHASE_STRIP = NO;
				DEBUG_INFORMATION_FORMAT = "dwarf-with-dsym";
				ENABLE_NS_ASSERTIONS = NO;
				ENABLE_STRICT_OBJC_MSGSEND = YES;
				GCC_C_LANGUAGE_STANDARD = gnu11;
				GCC_NO_COMMON_BLOCKS = YES;
				GCC_WARN_64_TO_32_BIT_CONVERSION = YES;
				GCC_WARN_ABOUT_RETURN_TYPE = YES_ERROR;
				GCC_WARN_UNDECLARED_SELECTOR = YES;
				GCC_WARN_UNINITIALIZED_AUTOS = YES_AGGRESSIVE;
				GCC_WARN_UNUSED_FUNCTION = YES;
				GCC_WARN_UNUSED_VARIABLE = YES;
				IPHONEOS_DEPLOYMENT_TARGET = 15.5;
				MTL_ENABLE_DEBUG_INFO = NO;
				MTL_FAST_MATH = YES;
				SDKROOT = iphoneos;
				SWIFT_COMPILATION_MODE = wholemodule;
				SWIFT_OPTIMIZATION_LEVEL = "-O";
				VALIDATE_PRODUCT = YES;
			};
			name = Release;
		};
		2BB098B028956F72008707A5 /* Debug */ = {
			isa = XCBuildConfiguration;
			buildSettings = {
				ASSETCATALOG_COMPILER_APPICON_NAME = AppIcon;
				ASSETCATALOG_COMPILER_GLOBAL_ACCENT_COLOR_NAME = AccentColor;
				CODE_SIGN_STYLE = Automatic;
				CURRENT_PROJECT_VERSION = 1;
				DEVELOPMENT_TEAM = V9DL6T6A4K;
				GENERATE_INFOPLIST_FILE = YES;
				INFOPLIST_FILE = MentalHealthApp/Info.plist;
				INFOPLIST_KEY_UIApplicationSupportsIndirectInputEvents = YES;
				INFOPLIST_KEY_UILaunchStoryboardName = LaunchScreen;
				INFOPLIST_KEY_UIMainStoryboardFile = Main;
				INFOPLIST_KEY_UISupportedInterfaceOrientations = UIInterfaceOrientationPortrait;
				INFOPLIST_KEY_UISupportedInterfaceOrientations_iPad = "UIInterfaceOrientationPortrait UIInterfaceOrientationPortraitUpsideDown UIInterfaceOrientationLandscapeLeft UIInterfaceOrientationLandscapeRight";
				INFOPLIST_KEY_UISupportedInterfaceOrientations_iPhone = "UIInterfaceOrientationPortrait UIInterfaceOrientationLandscapeLeft UIInterfaceOrientationLandscapeRight";
				LD_RUNPATH_SEARCH_PATHS = (
					"$(inherited)",
					"@executable_path/Frameworks",
				);
				MARKETING_VERSION = 1.0;
				PRODUCT_BUNDLE_IDENTIFIER = com.TBCLectures.MentalHealthApp;
				PRODUCT_NAME = "$(TARGET_NAME)";
				SWIFT_EMIT_LOC_STRINGS = YES;
				SWIFT_VERSION = 5.0;
				TARGETED_DEVICE_FAMILY = 1;
			};
			name = Debug;
		};
		2BB098B128956F72008707A5 /* Release */ = {
			isa = XCBuildConfiguration;
			buildSettings = {
				ASSETCATALOG_COMPILER_APPICON_NAME = AppIcon;
				ASSETCATALOG_COMPILER_GLOBAL_ACCENT_COLOR_NAME = AccentColor;
				CODE_SIGN_STYLE = Automatic;
				CURRENT_PROJECT_VERSION = 1;
				DEVELOPMENT_TEAM = V9DL6T6A4K;
				GENERATE_INFOPLIST_FILE = YES;
				INFOPLIST_FILE = MentalHealthApp/Info.plist;
				INFOPLIST_KEY_UIApplicationSupportsIndirectInputEvents = YES;
				INFOPLIST_KEY_UILaunchStoryboardName = LaunchScreen;
				INFOPLIST_KEY_UIMainStoryboardFile = Main;
				INFOPLIST_KEY_UISupportedInterfaceOrientations = UIInterfaceOrientationPortrait;
				INFOPLIST_KEY_UISupportedInterfaceOrientations_iPad = "UIInterfaceOrientationPortrait UIInterfaceOrientationPortraitUpsideDown UIInterfaceOrientationLandscapeLeft UIInterfaceOrientationLandscapeRight";
				INFOPLIST_KEY_UISupportedInterfaceOrientations_iPhone = "UIInterfaceOrientationPortrait UIInterfaceOrientationLandscapeLeft UIInterfaceOrientationLandscapeRight";
				LD_RUNPATH_SEARCH_PATHS = (
					"$(inherited)",
					"@executable_path/Frameworks",
				);
				MARKETING_VERSION = 1.0;
				PRODUCT_BUNDLE_IDENTIFIER = com.TBCLectures.MentalHealthApp;
				PRODUCT_NAME = "$(TARGET_NAME)";
				SWIFT_EMIT_LOC_STRINGS = YES;
				SWIFT_VERSION = 5.0;
				TARGETED_DEVICE_FAMILY = 1;
			};
			name = Release;
		};
/* End XCBuildConfiguration section */

/* Begin XCConfigurationList section */
		2BB0989628956F70008707A5 /* Build configuration list for PBXProject "MentalHealthApp" */ = {
			isa = XCConfigurationList;
			buildConfigurations = (
				2BB098AD28956F72008707A5 /* Debug */,
				2BB098AE28956F72008707A5 /* Release */,
			);
			defaultConfigurationIsVisible = 0;
			defaultConfigurationName = Release;
		};
		2BB098AF28956F72008707A5 /* Build configuration list for PBXNativeTarget "MentalHealthApp" */ = {
			isa = XCConfigurationList;
			buildConfigurations = (
				2BB098B028956F72008707A5 /* Debug */,
				2BB098B128956F72008707A5 /* Release */,
			);
			defaultConfigurationIsVisible = 0;
			defaultConfigurationName = Release;
		};
/* End XCConfigurationList section */

/* Begin XCRemoteSwiftPackageReference section */
		2BE992B92896D71E001E9199 /* XCRemoteSwiftPackageReference "firebase-ios-sdk" */ = {
			isa = XCRemoteSwiftPackageReference;
			repositoryURL = "https://github.com/firebase/firebase-ios-sdk";
			requirement = {
				kind = upToNextMajorVersion;
				minimumVersion = 9.0.0;
			};
		};
/* End XCRemoteSwiftPackageReference section */

/* Begin XCSwiftPackageProductDependency section */
		2BE992BA2896D71E001E9199 /* FirebaseAnalytics */ = {
			isa = XCSwiftPackageProductDependency;
			package = 2BE992B92896D71E001E9199 /* XCRemoteSwiftPackageReference "firebase-ios-sdk" */;
			productName = FirebaseAnalytics;
		};
		2BE992BC2896D71E001E9199 /* FirebaseAuth */ = {
			isa = XCSwiftPackageProductDependency;
			package = 2BE992B92896D71E001E9199 /* XCRemoteSwiftPackageReference "firebase-ios-sdk" */;
			productName = FirebaseAuth;
		};
		2BE992BE2896D71E001E9199 /* FirebaseFirestore */ = {
			isa = XCSwiftPackageProductDependency;
			package = 2BE992B92896D71E001E9199 /* XCRemoteSwiftPackageReference "firebase-ios-sdk" */;
			productName = FirebaseFirestore;
		};
		2BE992C02896D71E001E9199 /* FirebaseStorage */ = {
			isa = XCSwiftPackageProductDependency;
			package = 2BE992B92896D71E001E9199 /* XCRemoteSwiftPackageReference "firebase-ios-sdk" */;
			productName = FirebaseStorage;
		};
/* End XCSwiftPackageProductDependency section */
	};
	rootObject = 2BB0989328956F70008707A5 /* Project object */;
}
